# THIS IS AN AUTOGENERATED FILE. DO NOT EDIT THIS FILE DIRECTLY.
# yarn lockfile v1


"@babel/runtime@^7.17.8":
  version "7.22.15"
  resolved "https://registry.yarnpkg.com/@babel/runtime/-/runtime-7.22.15.tgz#38f46494ccf6cf020bd4eed7124b425e83e523b8"
  integrity sha512-T0O+aa+4w0u06iNmapipJXMV4HoUir03hpx3/YqXXhu9xim3w+dVphjFWl1OH8NbZHw5Lbm9k45drDkgq2VNNA==
  dependencies:
    regenerator-runtime "^0.14.0"

"@react-three/fiber@^8.14.2":
  version "8.14.2"
  resolved "https://registry.yarnpkg.com/@react-three/fiber/-/fiber-8.14.2.tgz#e6253f215f20be2eac7e732f4636f608669578bc"
  integrity sha512-mD+1Vwl6AwLKmVsXXJNOzGnDOoghIusRXGFBIX6qK9mIAYOO58WAmqSodayYQ1vkp8wnzM9AfrBZZH8Y01BfqA==
  dependencies:
    "@babel/runtime" "^7.17.8"
    "@types/react-reconciler" "^0.26.7"
    base64-js "^1.5.1"
    its-fine "^1.0.6"
    react-reconciler "^0.27.0"
    react-use-measure "^2.1.1"
    scheduler "^0.21.0"
    suspend-react "^0.1.3"
    zustand "^3.7.1"

"@types/prop-types@*":
  version "15.7.5"
  resolved "https://registry.yarnpkg.com/@types/prop-types/-/prop-types-15.7.5.tgz#5f19d2b85a98e9558036f6a3cacc8819420f05cf"
  integrity sha512-JCB8C6SnDoQf0cNycqd/35A7MjcnK+ZTqE7judS6o7utxUCg6imJg3QK2qzHKszlTjcj2cn+NwMB2i96ubpj7w==

"@types/react-reconciler@^0.26.7":
  version "0.26.7"
  resolved "https://registry.yarnpkg.com/@types/react-reconciler/-/react-reconciler-0.26.7.tgz#0c4643f30821ae057e401b0d9037e03e8e9b2a36"
  integrity sha512-mBDYl8x+oyPX/VBb3E638N0B7xG+SPk/EAMcVPeexqus/5aTpTphQi0curhhshOqRrc9t6OPoJfEUkbymse/lQ==
  dependencies:
    "@types/react" "*"

"@types/react-reconciler@^0.28.0":
  version "0.28.4"
  resolved "https://registry.yarnpkg.com/@types/react-reconciler/-/react-reconciler-0.28.4.tgz#c2c06f6d42f055972290eecebb87b10d0ac66e0e"
  integrity sha512-Xd55E2aLI9Q/ikDQEmfRzIwYJs4oO0h9ZHA3FZDakzt1WR6JMZcpqtCZlF97I72KVjoY4rHXU5TfvkRDOyr/rg==
  dependencies:
    "@types/react" "*"

"@types/react@*":
  version "18.2.21"
  resolved "https://registry.yarnpkg.com/@types/react/-/react-18.2.21.tgz#774c37fd01b522d0b91aed04811b58e4e0514ed9"
  integrity sha512-neFKG/sBAwGxHgXiIxnbm3/AAVQ/cMRS93hvBpg8xYRbeQSPVABp9U2bRnPf0iI4+Ucdv3plSxKK+3CW2ENJxA==
  dependencies:
    "@types/prop-types" "*"
    "@types/scheduler" "*"
    csstype "^3.0.2"

"@types/scheduler@*":
  version "0.16.3"
  resolved "https://registry.yarnpkg.com/@types/scheduler/-/scheduler-0.16.3.tgz#cef09e3ec9af1d63d2a6cc5b383a737e24e6dcf5"
  integrity sha512-5cJ8CB4yAx7BH1oMvdU0Jh9lrEXyPkar6F9G/ERswkCuvP4KQZfZkSjcMbAICCpQTN4OuZn8tz0HiKv9TGZgrQ==

base64-js@^1.5.1:
  version "1.5.1"
  resolved "https://registry.yarnpkg.com/base64-js/-/base64-js-1.5.1.tgz#1b1b440160a5bf7ad40b650f095963481903930a"
  integrity sha512-AKpaYlHn8t4SVbOHCy+b5+KKgvR4vrsD8vbvrbiQJps7fKDTkjkDry6ji0rUJjC0kzbNePLwzxq8iypo41qeWA==

csstype@^3.0.2:
  version "3.1.2"
  resolved "https://registry.yarnpkg.com/csstype/-/csstype-3.1.2.tgz#1d4bf9d572f11c14031f0436e1c10bc1f571f50b"
  integrity sha512-I7K1Uu0MBPzaFKg4nI5Q7Vs2t+3gWWW648spaF+Rg7pI9ds18Ugn+lvg4SHczUdKlHI5LWBXyqfS8+DufyBsgQ==

debounce@^1.2.1:
  version "1.2.1"
  resolved "https://registry.yarnpkg.com/debounce/-/debounce-1.2.1.tgz#38881d8f4166a5c5848020c11827b834bcb3e0a5"
  integrity sha512-XRRe6Glud4rd/ZGQfiV1ruXSfbvfJedlV9Y6zOlP+2K04vBYiJEte6stfFkCP03aMnY5tsipamumUjL14fofug==

its-fine@^1.0.6:
  version "1.1.1"
  resolved "https://registry.yarnpkg.com/its-fine/-/its-fine-1.1.1.tgz#e74b93fddd487441f978a50f64f0f5af4d2fc38e"
  integrity sha512-v1Ia1xl20KbuSGlwoaGsW0oxsw8Be+TrXweidxD9oT/1lAh6O3K3/GIM95Tt6WCiv6W+h2M7RB1TwdoAjQyyKw==
  dependencies:
    "@types/react-reconciler" "^0.28.0"

"js-tokens@^3.0.0 || ^4.0.0":
  version "4.0.0"
  resolved "https://registry.yarnpkg.com/js-tokens/-/js-tokens-4.0.0.tgz#19203fb59991df98e3a287050d4647cdeaf32499"
  integrity sha512-RdJUflcE3cUzKiMqQgsCu06FPu9UdIJO0beYbPhHN4k6apgJtifcoCtT9bcxOpYBtpD2kCM6Sbzg4CausW/PKQ==

loose-envify@^1.1.0:
  version "1.4.0"
  resolved "https://registry.yarnpkg.com/loose-envify/-/loose-envify-1.4.0.tgz#71ee51fa7be4caec1a63839f7e682d8132d30caf"
  integrity sha512-lyuxPGr/Wfhrlem2CL/UcnUc1zcqKAImBDzukY7Y5F/yQiNdko6+fRLevlw1HgMySw7f611UIY408EtxRSoK3Q==
  dependencies:
    js-tokens "^3.0.0 || ^4.0.0"

react-reconciler@^0.27.0:
  version "0.27.0"
  resolved "https://registry.yarnpkg.com/react-reconciler/-/react-reconciler-0.27.0.tgz#360124fdf2d76447c7491ee5f0e04503ed9acf5b"
  integrity sha512-HmMDKciQjYmBRGuuhIaKA1ba/7a+UsM5FzOZsMO2JYHt9Jh8reCb7j1eDC95NOyUlKM9KRyvdx0flBuDvYSBoA==
  dependencies:
    loose-envify "^1.1.0"
    scheduler "^0.21.0"

react-use-measure@^2.1.1:
  version "2.1.1"
  resolved "https://registry.yarnpkg.com/react-use-measure/-/react-use-measure-2.1.1.tgz#5824537f4ee01c9469c45d5f7a8446177c6cc4ba"
  integrity sha512-nocZhN26cproIiIduswYpV5y5lQpSQS1y/4KuvUCjSKmw7ZWIS/+g3aFnX3WdBkyuGUtTLif3UTqnLLhbDoQig==
  dependencies:
    debounce "^1.2.1"

regenerator-runtime@^0.14.0:
  version "0.14.0"
  resolved "https://registry.yarnpkg.com/regenerator-runtime/-/regenerator-runtime-0.14.0.tgz#5e19d68eb12d486f797e15a3c6a918f7cec5eb45"
  integrity sha512-srw17NI0TUWHuGa5CFGGmhfNIeja30WMBfbslPNhf6JrqQlLN5gcrvig1oqPxiVaXb0oW0XRKtH6Nngs5lKCIA==

scheduler@^0.21.0:
  version "0.21.0"
  resolved "https://registry.yarnpkg.com/scheduler/-/scheduler-0.21.0.tgz#6fd2532ff5a6d877b6edb12f00d8ab7e8f308820"
  integrity sha512-1r87x5fz9MXqswA2ERLo0EbOAU74DpIUO090gIasYTqlVoJeMcl+Z1Rg7WHz+qtPujhS/hGIt9kxZOYBV3faRQ==
  dependencies:
    loose-envify "^1.1.0"

suspend-react@^0.1.3:
  version "0.1.3"
  resolved "https://registry.yarnpkg.com/suspend-react/-/suspend-react-0.1.3.tgz#a52f49d21cfae9a2fb70bd0c68413d3f9d90768e"
  integrity sha512-aqldKgX9aZqpoDp3e8/BZ8Dm7x1pJl+qI3ZKxDN0i/IQTWUwBx/ManmlVJ3wowqbno6c2bmiIfs+Um6LbsjJyQ==

three@^0.156.1:
  version "0.156.1"
  resolved "https://registry.yarnpkg.com/three/-/three-0.156.1.tgz#bab4fec121a5b3975eb4f4d227d9c912171eb399"
  integrity sha512-kP7H0FK9d/k6t/XvQ9FO6i+QrePoDcNhwl0I02+wmUJRNSLCUIDMcfObnzQvxb37/0Uc9TDT0T1HgsRRrO6SYQ==

zustand@^3.7.1:
  version "3.7.2"
  resolved "https://registry.yarnpkg.com/zustand/-/zustand-3.7.2.tgz#7b44c4f4a5bfd7a8296a3957b13e1c346f42514d"
  integrity sha512-PIJDIZKtokhof+9+60cpockVOq05sJzHCriyvaLBmEJixseQ1a5Kdov6fWZfWOu5SK9c+FhH1jU0tntLxRJYMA==
